
Microsoft Visual Studio Solution File, Format Version 12.00
# Visual Studio 2013
VisualStudioVersion = 12.0.30723.0
MinimumVisualStudioVersion = 10.0.40219.1
Project("{FAE04EC0-301F-11D3-BF4B-00C04F79EFBC}") = "DMS_040_lesBasesCsharp", "DMS_040_lesBasesCsharp\DMS_040_lesBasesCsharp.csproj", "{A9A271E2-267C-4BA6-B1F9-94A792FCCEEE}"
EndProject
Project("{FAE04EC0-301F-11D3-BF4B-00C04F79EFBC}") = "DMS_040_lesBasesCSharp_Exercices", "DMS_040_lesBasesCSharp_Exercices\DMS_040_lesBasesCSharp_Exercices.csproj", "{E8CCF93D-C191-453D-9C6E-3933E3EECBD1}"
EndProject
Project("{FAE04EC0-301F-11D3-BF4B-00C04F79EFBC}") = "DMS_050_POO_Cours", "DMS_050_POO_Cours\DMS_050_POO_Cours.csproj", "{C936B11F-A1CE-4446-9583-C7F46BB39273}"
EndProject
Project("{FAE04EC0-301F-11D3-BF4B-00C04F79EFBC}") = "DMS_050_BiblioFormation", "DMS_050_BiblioFormation\DMS_050_BiblioFormation.csproj", "{350F2B23-9A64-40F0-A5CF-986A8CD3F07B}"
EndProject
Project("{FAE04EC0-301F-11D3-BF4B-00C04F79EFBC}") = "DMS_050_POO_Exercices", "DMS_050_POO_Exercices\DMS_050_POO_Exercices.csproj", "{95299A25-2836-4A32-8FFD-DF11266A80E0}"
EndProject
Project("{FAE04EC0-301F-11D3-BF4B-00C04F79EFBC}") = "DMS_050_POO_Exercices_Animaux", "DMS_050_POO_Exercices_Animaux\DMS_050_POO_Exercices_Animaux.csproj", "{F5B608A9-4424-4BC6-814C-9CFE5A14D021}"
EndProject
Project("{FAE04EC0-301F-11D3-BF4B-00C04F79EFBC}") = "DMS_050_POO__Exercices_CalculSalaireEntreprise", "DMS_050_POO__Exercices_CalculSalaireEntreprise\DMS_050_POO__Exercices_CalculSalaireEntreprise.csproj", "{64B14019-ADAB-48A0-A648-D3AFA3B656B8}"
EndProject
Project("{FAE04EC0-301F-11D3-BF4B-00C04F79EFBC}") = "DMS_060_Persistence_Cours", "DMS_060_Persistence_Cours\DMS_060_Persistence_Cours.csproj", "{BD39020F-5BCE-4172-A258-F1295510B804}"
EndProject
Project("{FAE04EC0-301F-11D3-BF4B-00C04F79EFBC}") = "DMS_060_Persistence_Exercices", "DMS_060_Persistence_Exercices\DMS_060_Persistence_Exercices.csproj", "{D0B4DEE1-B6FD-4399-BC54-C8CD5237D2F2}"
EndProject
Project("{FAE04EC0-301F-11D3-BF4B-00C04F79EFBC}") = "DMS_070_WinForms_Cours", "DMS_070_WinForms_Cours\DMS_070_WinForms_Cours.csproj", "{7BFD5C95-FE9B-4453-92FC-E7FE035A3AF7}"
EndProject
Project("{FAE04EC0-301F-11D3-BF4B-00C04F79EFBC}") = "BiblioAccesBD", "BiblioAccesBD\BiblioAccesBD.csproj", "{4A67EFFF-9576-4ED4-9D07-F3692746F0FD}"
EndProject
Project("{FAE04EC0-301F-11D3-BF4B-00C04F79EFBC}") = "AccesBiblioTest", "AccesBiblioTest\AccesBiblioTest.csproj", "{00154397-6E86-4FA5-AFF9-439AED6034DF}"
EndProject
Global
	GlobalSection(SolutionConfigurationPlatforms) = preSolution
		Debug|Any CPU = Debug|Any CPU
		Release|Any CPU = Release|Any CPU
	EndGlobalSection
	GlobalSection(ProjectConfigurationPlatforms) = postSolution
		{A9A271E2-267C-4BA6-B1F9-94A792FCCEEE}.Debug|Any CPU.ActiveCfg = Debug|Any CPU
		{A9A271E2-267C-4BA6-B1F9-94A792FCCEEE}.Debug|Any CPU.Build.0 = Debug|Any CPU
		{A9A271E2-267C-4BA6-B1F9-94A792FCCEEE}.Release|Any CPU.ActiveCfg = Release|Any CPU
		{A9A271E2-267C-4BA6-B1F9-94A792FCCEEE}.Release|Any CPU.Build.0 = Release|Any CPU
		{E8CCF93D-C191-453D-9C6E-3933E3EECBD1}.Debug|Any CPU.ActiveCfg = Debug|Any CPU
		{E8CCF93D-C191-453D-9C6E-3933E3EECBD1}.Debug|Any CPU.Build.0 = Debug|Any CPU
		{E8CCF93D-C191-453D-9C6E-3933E3EECBD1}.Release|Any CPU.ActiveCfg = Release|Any CPU
		{E8CCF93D-C191-453D-9C6E-3933E3EECBD1}.Release|Any CPU.Build.0 = Release|Any CPU
		{C936B11F-A1CE-4446-9583-C7F46BB39273}.Debug|Any CPU.ActiveCfg = Debug|Any CPU
		{C936B11F-A1CE-4446-9583-C7F46BB39273}.Debug|Any CPU.Build.0 = Debug|Any CPU
		{C936B11F-A1CE-4446-9583-C7F46BB39273}.Release|Any CPU.ActiveCfg = Release|Any CPU
		{C936B11F-A1CE-4446-9583-C7F46BB39273}.Release|Any CPU.Build.0 = Release|Any CPU
		{350F2B23-9A64-40F0-A5CF-986A8CD3F07B}.Debug|Any CPU.ActiveCfg = Debug|Any CPU
		{350F2B23-9A64-40F0-A5CF-986A8CD3F07B}.Debug|Any CPU.Build.0 = Debug|Any CPU
		{350F2B23-9A64-40F0-A5CF-986A8CD3F07B}.Release|Any CPU.ActiveCfg = Release|Any CPU
		{350F2B23-9A64-40F0-A5CF-986A8CD3F07B}.Release|Any CPU.Build.0 = Release|Any CPU
		{95299A25-2836-4A32-8FFD-DF11266A80E0}.Debug|Any CPU.ActiveCfg = Debug|Any CPU
		{95299A25-2836-4A32-8FFD-DF11266A80E0}.Debug|Any CPU.Build.0 = Debug|Any CPU
		{95299A25-2836-4A32-8FFD-DF11266A80E0}.Release|Any CPU.ActiveCfg = Release|Any CPU
		{95299A25-2836-4A32-8FFD-DF11266A80E0}.Release|Any CPU.Build.0 = Release|Any CPU
		{F5B608A9-4424-4BC6-814C-9CFE5A14D021}.Debug|Any CPU.ActiveCfg = Debug|Any CPU
		{F5B608A9-4424-4BC6-814C-9CFE5A14D021}.Debug|Any CPU.Build.0 = Debug|Any CPU
		{F5B608A9-4424-4BC6-814C-9CFE5A14D021}.Release|Any CPU.ActiveCfg = Release|Any CPU
		{F5B608A9-4424-4BC6-814C-9CFE5A14D021}.Release|Any CPU.Build.0 = Release|Any CPU
		{64B14019-ADAB-48A0-A648-D3AFA3B656B8}.Debug|Any CPU.ActiveCfg = Debug|Any CPU
		{64B14019-ADAB-48A0-A648-D3AFA3B656B8}.Debug|Any CPU.Build.0 = Debug|Any CPU
		{64B14019-ADAB-48A0-A648-D3AFA3B656B8}.Release|Any CPU.ActiveCfg = Release|Any CPU
		{64B14019-ADAB-48A0-A648-D3AFA3B656B8}.Release|Any CPU.Build.0 = Release|Any CPU
		{BD39020F-5BCE-4172-A258-F1295510B804}.Debug|Any CPU.ActiveCfg = Debug|Any CPU
		{BD39020F-5BCE-4172-A258-F1295510B804}.Debug|Any CPU.Build.0 = Debug|Any CPU
		{BD39020F-5BCE-4172-A258-F1295510B804}.Release|Any CPU.ActiveCfg = Release|Any CPU
		{BD39020F-5BCE-4172-A258-F1295510B804}.Release|Any CPU.Build.0 = Release|Any CPU
		{D0B4DEE1-B6FD-4399-BC54-C8CD5237D2F2}.Debug|Any CPU.ActiveCfg = Debug|Any CPU
		{D0B4DEE1-B6FD-4399-BC54-C8CD5237D2F2}.Debug|Any CPU.Build.0 = Debug|Any CPU
		{D0B4DEE1-B6FD-4399-BC54-C8CD5237D2F2}.Release|Any CPU.ActiveCfg = Release|Any CPU
		{D0B4DEE1-B6FD-4399-BC54-C8CD5237D2F2}.Release|Any CPU.Build.0 = Release|Any CPU
		{7BFD5C95-FE9B-4453-92FC-E7FE035A3AF7}.Debug|Any CPU.ActiveCfg = Debug|Any CPU
		{7BFD5C95-FE9B-4453-92FC-E7FE035A3AF7}.Debug|Any CPU.Build.0 = Debug|Any CPU
		{7BFD5C95-FE9B-4453-92FC-E7FE035A3AF7}.Release|Any CPU.ActiveCfg = Release|Any CPU
		{7BFD5C95-FE9B-4453-92FC-E7FE035A3AF7}.Release|Any CPU.Build.0 = Release|Any CPU
		{4A67EFFF-9576-4ED4-9D07-F3692746F0FD}.Debug|Any CPU.ActiveCfg = Debug|Any CPU
		{4A67EFFF-9576-4ED4-9D07-F3692746F0FD}.Debug|Any CPU.Build.0 = Debug|Any CPU
		{4A67EFFF-9576-4ED4-9D07-F3692746F0FD}.Release|Any CPU.ActiveCfg = Release|Any CPU
		{4A67EFFF-9576-4ED4-9D07-F3692746F0FD}.Release|Any CPU.Build.0 = Release|Any CPU
		{00154397-6E86-4FA5-AFF9-439AED6034DF}.Debug|Any CPU.ActiveCfg = Debug|Any CPU
		{00154397-6E86-4FA5-AFF9-439AED6034DF}.Debug|Any CPU.Build.0 = Debug|Any CPU
		{00154397-6E86-4FA5-AFF9-439AED6034DF}.Release|Any CPU.ActiveCfg = Release|Any CPU
		{00154397-6E86-4FA5-AFF9-439AED6034DF}.Release|Any CPU.Build.0 = Release|Any CPU
	EndGlobalSection
	GlobalSection(SolutionProperties) = preSolution
		HideSolutionNode = FALSE
	EndGlobalSection
EndGlobal
